
Microsoft Visual Studio Solution File, Format Version 12.00
# Visual Studio Version 16
VisualStudioVersion = 16.0.32228.343
MinimumVisualStudioVersion = 10.0.40219.1
Project("{FAE04EC0-301F-11D3-BF4B-00C04F79EFBC}") = "TestingJenkins", "TestingJenkins.csproj", "{16AF06E5-83F3-44D4-8212-1C694DB1D838}"
EndProject
Global
	GlobalSection(SolutionConfigurationPlatforms) = preSolution
		Debug|Any CPU = Debug|Any CPU
		Release|Any CPU = Release|Any CPU
	EndGlobalSection
	GlobalSection(ProjectConfigurationPlatforms) = postSolution
		{16AF06E5-83F3-44D4-8212-1C694DB1D838}.Debug|Any CPU.ActiveCfg = Debug|Any CPU
		{16AF06E5-83F3-44D4-8212-1C694DB1D838}.Debug|Any CPU.Build.0 = Debug|Any CPU
		{16AF06E5-83F3-44D4-8212-1C694DB1D838}.Release|Any CPU.ActiveCfg = Release|Any CPU
		{16AF06E5-83F3-44D4-8212-1C694DB1D838}.Release|Any CPU.Build.0 = Release|Any CPU
	EndGlobalSection
	GlobalSection(SolutionProperties) = preSolution
		HideSolutionNode = FALSE
	EndGlobalSection
	GlobalSection(ExtensibilityGlobals) = postSolution
		SolutionGuid = {2C250E5B-87C4-4C41-AF95-A9E47EFCB8ED}
	EndGlobalSection
EndGlobal
